
Microsoft Visual Studio Solution File, Format Version 12.00
# Visual Studio Version 17
VisualStudioVersion = 17.9.34714.143
MinimumVisualStudioVersion = 10.0.40219.1
Project("{FAE04EC0-301F-11D3-BF4B-00C04F79EFBC}") = "JewelryStore", "JewelryStore\JewelryStore.csproj", "{081E505E-6750-4454-9466-B8513A63A8CD}"
EndProject
Global
	GlobalSection(SolutionConfigurationPlatforms) = preSolution
		Debug|Any CPU = Debug|Any CPU
		Release|Any CPU = Release|Any CPU
	EndGlobalSection
	GlobalSection(ProjectConfigurationPlatforms) = postSolution
		{081E505E-6750-4454-9466-B8513A63A8CD}.Debug|Any CPU.ActiveCfg = Debug|Any CPU
		{081E505E-6750-4454-9466-B8513A63A8CD}.Debug|Any CPU.Build.0 = Debug|Any CPU
		{081E505E-6750-4454-9466-B8513A63A8CD}.Release|Any CPU.ActiveCfg = Release|Any CPU
		{081E505E-6750-4454-9466-B8513A63A8CD}.Release|Any CPU.Build.0 = Release|Any CPU
	EndGlobalSection
	GlobalSection(SolutionProperties) = preSolution
		HideSolutionNode = FALSE
	EndGlobalSection
	GlobalSection(ExtensibilityGlobals) = postSolution
		SolutionGuid = {69338323-59F8-4459-8CF8-5F9010368F39}
	EndGlobalSection
EndGlobal
